
Microsoft Visual Studio Solution File, Format Version 12.00
# Visual Studio Version 16
VisualStudioVersion = 16.0.30611.23
MinimumVisualStudioVersion = 10.0.40219.1
Project("{FAE04EC0-301F-11D3-BF4B-00C04F79EFBC}") = "DotNetCoreIoT", "DotNetCoreIoT\DotNetCoreIoT.csproj", "{087D4F95-B453-4C86-AA63-93C561956BDB}"
EndProject
Global
	GlobalSection(SolutionConfigurationPlatforms) = preSolution
		Debug|Any CPU = Debug|Any CPU
		Release|Any CPU = Release|Any CPU
	EndGlobalSection
	GlobalSection(ProjectConfigurationPlatforms) = postSolution
		{087D4F95-B453-4C86-AA63-93C561956BDB}.Debug|Any CPU.ActiveCfg = Debug|Any CPU
		{087D4F95-B453-4C86-AA63-93C561956BDB}.Debug|Any CPU.Build.0 = Debug|Any CPU
		{087D4F95-B453-4C86-AA63-93C561956BDB}.Release|Any CPU.ActiveCfg = Release|Any CPU
		{087D4F95-B453-4C86-AA63-93C561956BDB}.Release|Any CPU.Build.0 = Release|Any CPU
	EndGlobalSection
	GlobalSection(SolutionProperties) = preSolution
		HideSolutionNode = FALSE
	EndGlobalSection
	GlobalSection(ExtensibilityGlobals) = postSolution
		SolutionGuid = {F592194F-06C0-4A46-8CE2-28BBF4018310}
	EndGlobalSection
EndGlobal
